// !$*UTF8*$!
{
	archiveVersion = 1;
	classes = {
	};
	objectVersion = 56;
	objects = {

/* Begin PBXBuildFile section */
		984328722B24FAF600C17E67 /* main.cpp in Sources */ = {isa = PBXBuildFile; fileRef = 984328712B24FAF600C17E67 /* main.cpp */; };
		9843287A2B24FB3900C17E67 /* libSDL2-2.0.0.dylib in Frameworks */ = {isa = PBXBuildFile; fileRef = 984328792B24FB3900C17E67 /* libSDL2-2.0.0.dylib */; };
		988D5BE92B2A6306009EE111 /* 2048.cpp in Sources */ = {isa = PBXBuildFile; fileRef = 988D5BE72B2A6306009EE111 /* 2048.cpp */; };
		98AA23D62B3248BA00F3AE0A /* SDL.cpp in Sources */ = {isa = PBXBuildFile; fileRef = 98AA23D42B3248BA00F3AE0A /* SDL.cpp */; };
		98E8ADC12B27E86A00ACB7DA /* libSDL2_image-2.0.0.dylib in Frameworks */ = {isa = PBXBuildFile; fileRef = 98E8ADC02B27E86A00ACB7DA /* libSDL2_image-2.0.0.dylib */; };
		98E8ADC32B27EA1500ACB7DA /* libSDL2_ttf-2.0.0.dylib in Frameworks */ = {isa = PBXBuildFile; fileRef = 98E8ADC22B27EA1500ACB7DA /* libSDL2_ttf-2.0.0.dylib */; };
		98E8ADC52B27EB3E00ACB7DA /* libSDL2_mixer-2.0.0.dylib in Frameworks */ = {isa = PBXBuildFile; fileRef = 98E8ADC42B27EB3E00ACB7DA /* libSDL2_mixer-2.0.0.dylib */; };
/* End PBXBuildFile section */

/* Begin PBXCopyFilesBuildPhase section */
		9843286C2B24FAF600C17E67 /* CopyFiles */ = {
			isa = PBXCopyFilesBuildPhase;
			buildActionMask = 2147483647;
			dstPath = /usr/share/man/man1/;
			dstSubfolderSpec = 0;
			files = (
			);
			runOnlyForDeploymentPostprocessing = 1;
		};
/* End PBXCopyFilesBuildPhase section */

/* Begin PBXFileReference section */
		9843286E2B24FAF600C17E67 /* SDLtest */ = {isa = PBXFileReference; explicitFileType = "compiled.mach-o.executable"; includeInIndex = 0; path = SDLtest; sourceTree = BUILT_PRODUCTS_DIR; };
		984328712B24FAF600C17E67 /* main.cpp */ = {isa = PBXFileReference; lastKnownFileType = sourcecode.cpp.cpp; path = main.cpp; sourceTree = "<group>"; };
		984328792B24FB3900C17E67 /* libSDL2-2.0.0.dylib */ = {isa = PBXFileReference; lastKnownFileType = "compiled.mach-o.dylib"; name = "libSDL2-2.0.0.dylib"; path = "../../../../opt/homebrew/Cellar/sdl2/2.28.5/lib/libSDL2-2.0.0.dylib"; sourceTree = "<group>"; };
		988D5BE72B2A6306009EE111 /* 2048.cpp */ = {isa = PBXFileReference; lastKnownFileType = sourcecode.cpp.cpp; path = 2048.cpp; sourceTree = "<group>"; };
		988D5BE82B2A6306009EE111 /* 2048.hpp */ = {isa = PBXFileReference; lastKnownFileType = sourcecode.cpp.h; path = 2048.hpp; sourceTree = "<group>"; };
		98AA23D42B3248BA00F3AE0A /* SDL.cpp */ = {isa = PBXFileReference; lastKnownFileType = sourcecode.cpp.cpp; path = SDL.cpp; sourceTree = "<group>"; };
		98AA23D52B3248BA00F3AE0A /* SDL.hpp */ = {isa = PBXFileReference; lastKnownFileType = sourcecode.cpp.h; path = SDL.hpp; sourceTree = "<group>"; };
		98E8ADC02B27E86A00ACB7DA /* libSDL2_image-2.0.0.dylib */ = {isa = PBXFileReference; lastKnownFileType = "compiled.mach-o.dylib"; name = "libSDL2_image-2.0.0.dylib"; path = "../../../../opt/homebrew/Cellar/sdl2_image/2.8.0/lib/libSDL2_image-2.0.0.dylib"; sourceTree = "<group>"; };
		98E8ADC22B27EA1500ACB7DA /* libSDL2_ttf-2.0.0.dylib */ = {isa = PBXFileReference; lastKnownFileType = "compiled.mach-o.dylib"; name = "libSDL2_ttf-2.0.0.dylib"; path = "../../../../opt/homebrew/Cellar/sdl2_ttf/2.20.2/lib/libSDL2_ttf-2.0.0.dylib"; sourceTree = "<group>"; };
		98E8ADC42B27EB3E00ACB7DA /* libSDL2_mixer-2.0.0.dylib */ = {isa = PBXFileReference; lastKnownFileType = "compiled.mach-o.dylib"; name = "libSDL2_mixer-2.0.0.dylib"; path = "../../../../opt/homebrew/Cellar/sdl2_mixer/2.6.3_1/lib/libSDL2_mixer-2.0.0.dylib"; sourceTree = "<group>"; };
/* End PBXFileReference section */

/* Begin PBXFrameworksBuildPhase section */
		9843286B2B24FAF600C17E67 /* Frameworks */ = {
			isa = PBXFrameworksBuildPhase;
			buildActionMask = 2147483647;
			files = (
				98E8ADC52B27EB3E00ACB7DA /* libSDL2_mixer-2.0.0.dylib in Frameworks */,
				98E8ADC32B27EA1500ACB7DA /* libSDL2_ttf-2.0.0.dylib in Frameworks */,
				98E8ADC12B27E86A00ACB7DA /* libSDL2_image-2.0.0.dylib in Frameworks */,
				9843287A2B24FB3900C17E67 /* libSDL2-2.0.0.dylib in Frameworks */,
			);
			runOnlyForDeploymentPostprocessing = 0;
		};
/* End PBXFrameworksBuildPhase section */

/* Begin PBXGroup section */
		984328652B24FAF500C17E67 = {
			isa = PBXGroup;
			children = (
				984328702B24FAF600C17E67 /* SDLtest */,
				9843286F2B24FAF600C17E67 /* Products */,
				984328782B24FB3900C17E67 /* Frameworks */,
			);
			sourceTree = "<group>";
		};
		9843286F2B24FAF600C17E67 /* Products */ = {
			isa = PBXGroup;
			children = (
				9843286E2B24FAF600C17E67 /* SDLtest */,
			);
			name = Products;
			sourceTree = "<group>";
		};
		984328702B24FAF600C17E67 /* SDLtest */ = {
			isa = PBXGroup;
			children = (
				984328712B24FAF600C17E67 /* main.cpp */,
				988D5BE72B2A6306009EE111 /* 2048.cpp */,
				988D5BE82B2A6306009EE111 /* 2048.hpp */,
				98AA23D42B3248BA00F3AE0A /* SDL.cpp */,
				98AA23D52B3248BA00F3AE0A /* SDL.hpp */,
			);
			path = SDLtest;
			sourceTree = "<group>";
		};
		984328782B24FB3900C17E67 /* Frameworks */ = {
			isa = PBXGroup;
			children = (
				98E8ADC42B27EB3E00ACB7DA /* libSDL2_mixer-2.0.0.dylib */,
				98E8ADC22B27EA1500ACB7DA /* libSDL2_ttf-2.0.0.dylib */,
				98E8ADC02B27E86A00ACB7DA /* libSDL2_image-2.0.0.dylib */,
				984328792B24FB3900C17E67 /* libSDL2-2.0.0.dylib */,
			);
			name = Frameworks;
			sourceTree = "<group>";
		};
/* End PBXGroup section */

/* Begin PBXNativeTarget section */
		9843286D2B24FAF600C17E67 /* SDLtest */ = {
			isa = PBXNativeTarget;
			buildConfigurationList = 984328752B24FAF600C17E67 /* Build configuration list for PBXNativeTarget "SDLtest" */;
			buildPhases = (
				9843286A2B24FAF600C17E67 /* Sources */,
				9843286B2B24FAF600C17E67 /* Frameworks */,
				9843286C2B24FAF600C17E67 /* CopyFiles */,
			);
			buildRules = (
			);
			dependencies = (
			);
			name = SDLtest;
			productName = SDLtest;
			productReference = 9843286E2B24FAF600C17E67 /* SDLtest */;
			productType = "com.apple.product-type.tool";
		};
/* End PBXNativeTarget section */

/* Begin PBXProject section */
		984328662B24FAF500C17E67 /* Project object */ = {
			isa = PBXProject;
			attributes = {
				BuildIndependentTargetsInParallel = 1;
				LastUpgradeCheck = 1420;
				TargetAttributes = {
					9843286D2B24FAF600C17E67 = {
						CreatedOnToolsVersion = 14.2;
					};
				};
			};
			buildConfigurationList = 984328692B24FAF500C17E67 /* Build configuration list for PBXProject "SDLtest" */;
			compatibilityVersion = "Xcode 14.0";
			developmentRegion = en;
			hasScannedForEncodings = 0;
			knownRegions = (
				en,
				Base,
			);
			mainGroup = 984328652B24FAF500C17E67;
			productRefGroup = 9843286F2B24FAF600C17E67 /* Products */;
			projectDirPath = "";
			projectRoot = "";
			targets = (
				9843286D2B24FAF600C17E67 /* SDLtest */,
			);
		};
/* End PBXProject section */

/* Begin PBXSourcesBuildPhase section */
		9843286A2B24FAF600C17E67 /* Sources */ = {
			isa = PBXSourcesBuildPhase;
			buildActionMask = 2147483647;
			files = (
				98AA23D62B3248BA00F3AE0A /* SDL.cpp in Sources */,
				984328722B24FAF600C17E67 /* main.cpp in Sources */,
				988D5BE92B2A6306009EE111 /* 2048.cpp in Sources */,
			);
			runOnlyForDeploymentPostprocessing = 0;
		};
/* End PBXSourcesBuildPhase section */

/* Begin XCBuildConfiguration section */
		984328732B24FAF600C17E67 /* Debug */ = {
			isa = XCBuildConfiguration;
			buildSettings = {
				ALWAYS_SEARCH_USER_PATHS = NO;
				CLANG_ANALYZER_NONNULL = YES;
				CLANG_ANALYZER_NUMBER_OBJECT_CONVERSION = YES_AGGRESSIVE;
				CLANG_CXX_LANGUAGE_STANDARD = "gnu++20";
				CLANG_ENABLE_MODULES = YES;
				CLANG_ENABLE_OBJC_ARC = YES;
				CLANG_ENABLE_OBJC_WEAK = YES;
				CLANG_WARN_BLOCK_CAPTURE_AUTORELEASING = YES;
				CLANG_WARN_BOOL_CONVERSION = YES;
				CLANG_WARN_COMMA = YES;
				CLANG_WARN_CONSTANT_CONVERSION = YES;
				CLANG_WARN_DEPRECATED_OBJC_IMPLEMENTATIONS = YES;
				CLANG_WARN_DIRECT_OBJC_ISA_USAGE = YES_ERROR;
				CLANG_WARN_DOCUMENTATION_COMMENTS = YES;
				CLANG_WARN_EMPTY_BODY = YES;
				CLANG_WARN_ENUM_CONVERSION = YES;
				CLANG_WARN_INFINITE_RECURSION = YES;
				CLANG_WARN_INT_CONVERSION = YES;
				CLANG_WARN_NON_LITERAL_NULL_CONVERSION = YES;
				CLANG_WARN_OBJC_IMPLICIT_RETAIN_SELF = YES;
				CLANG_WARN_OBJC_LITERAL_CONVERSION = YES;
				CLANG_WARN_OBJC_ROOT_CLASS = YES_ERROR;
				CLANG_WARN_QUOTED_INCLUDE_IN_FRAMEWORK_HEADER = YES;
				CLANG_WARN_RANGE_LOOP_ANALYSIS = YES;
				CLANG_WARN_STRICT_PROTOTYPES = YES;
				CLANG_WARN_SUSPICIOUS_MOVE = YES;
				CLANG_WARN_UNGUARDED_AVAILABILITY = YES_AGGRESSIVE;
				CLANG_WARN_UNREACHABLE_CODE = YES;
				CLANG_WARN__DUPLICATE_METHOD_MATCH = YES;
				COPY_PHASE_STRIP = NO;
				DEBUG_INFORMATION_FORMAT = dwarf;
				ENABLE_STRICT_OBJC_MSGSEND = YES;
				ENABLE_TESTABILITY = YES;
				GCC_C_LANGUAGE_STANDARD = gnu11;
				GCC_DYNAMIC_NO_PIC = NO;
				GCC_NO_COMMON_BLOCKS = YES;
				GCC_OPTIMIZATION_LEVEL = 0;
				GCC_PREPROCESSOR_DEFINITIONS = (
					"DEBUG=1",
					"$(inherited)",
				);
				GCC_WARN_64_TO_32_BIT_CONVERSION = YES;
				GCC_WARN_ABOUT_RETURN_TYPE = YES_ERROR;
				GCC_WARN_UNDECLARED_SELECTOR = YES;
				GCC_WARN_UNINITIALIZED_AUTOS = YES_AGGRESSIVE;
				GCC_WARN_UNUSED_FUNCTION = YES;
				GCC_WARN_UNUSED_VARIABLE = YES;
				MACOSX_DEPLOYMENT_TARGET = 13.1;
				MTL_ENABLE_DEBUG_INFO = INCLUDE_SOURCE;
				MTL_FAST_MATH = YES;
				ONLY_ACTIVE_ARCH = YES;
				SDKROOT = macosx;
			};
			name = Debug;
		};
		984328742B24FAF600C17E67 /* Release */ = {
			isa = XCBuildConfiguration;
			buildSettings = {
				ALWAYS_SEARCH_USER_PATHS = NO;
				CLANG_ANALYZER_NONNULL = YES;
				CLANG_ANALYZER_NUMBER_OBJECT_CONVERSION = YES_AGGRESSIVE;
				CLANG_CXX_LANGUAGE_STANDARD = "gnu++20";
				CLANG_ENABLE_MODULES = YES;
				CLANG_ENABLE_OBJC_ARC = YES;
				CLANG_ENABLE_OBJC_WEAK = YES;
				CLANG_WARN_BLOCK_CAPTURE_AUTORELEASING = YES;
				CLANG_WARN_BOOL_CONVERSION = YES;
				CLANG_WARN_COMMA = YES;
				CLANG_WARN_CONSTANT_CONVERSION = YES;
				CLANG_WARN_DEPRECATED_OBJC_IMPLEMENTATIONS = YES;
				CLANG_WARN_DIRECT_OBJC_ISA_USAGE = YES_ERROR;
				CLANG_WARN_DOCUMENTATION_COMMENTS = YES;
				CLANG_WARN_EMPTY_BODY = YES;
				CLANG_WARN_ENUM_CONVERSION = YES;
				CLANG_WARN_INFINITE_RECURSION = YES;
				CLANG_WARN_INT_CONVERSION = YES;
				CLANG_WARN_NON_LITERAL_NULL_CONVERSION = YES;
				CLANG_WARN_OBJC_IMPLICIT_RETAIN_SELF = YES;
				CLANG_WARN_OBJC_LITERAL_CONVERSION = YES;
				CLANG_WARN_OBJC_ROOT_CLASS = YES_ERROR;
				CLANG_WARN_QUOTED_INCLUDE_IN_FRAMEWORK_HEADER = YES;
				CLANG_WARN_RANGE_LOOP_ANALYSIS = YES;
				CLANG_WARN_STRICT_PROTOTYPES = YES;
				CLANG_WARN_SUSPICIOUS_MOVE = YES;
				CLANG_WARN_UNGUARDED_AVAILABILITY = YES_AGGRESSIVE;
				CLANG_WARN_UNREACHABLE_CODE = YES;
				CLANG_WARN__DUPLICATE_METHOD_MATCH = YES;
				COPY_PHASE_STRIP = NO;
				DEBUG_INFORMATION_FORMAT = "dwarf-with-dsym";
				ENABLE_NS_ASSERTIONS = NO;
				ENABLE_STRICT_OBJC_MSGSEND = YES;
				GCC_C_LANGUAGE_STANDARD = gnu11;
				GCC_NO_COMMON_BLOCKS = YES;
				GCC_WARN_64_TO_32_BIT_CONVERSION = YES;
				GCC_WARN_ABOUT_RETURN_TYPE = YES_ERROR;
				GCC_WARN_UNDECLARED_SELECTOR = YES;
				GCC_WARN_UNINITIALIZED_AUTOS = YES_AGGRESSIVE;
				GCC_WARN_UNUSED_FUNCTION = YES;
				GCC_WARN_UNUSED_VARIABLE = YES;
				MACOSX_DEPLOYMENT_TARGET = 13.1;
				MTL_ENABLE_DEBUG_INFO = NO;
				MTL_FAST_MATH = YES;
				SDKROOT = macosx;
			};
			name = Release;
		};
		984328762B24FAF600C17E67 /* Debug */ = {
			isa = XCBuildConfiguration;
			buildSettings = {
				CODE_SIGN_STYLE = Automatic;
				HEADER_SEARCH_PATHS = (
					/opt/homebrew/Cellar/sdl2/2.28.5/include,
					/opt/homebrew/Cellar/sdl2_image/2.8.0/include,
					/opt/homebrew/Cellar/sdl2_ttf/2.20.2/include,
					/opt/homebrew/Cellar/sdl2_mixer/2.6.3_1/include,
				);
				LIBRARY_SEARCH_PATHS = (
					"$(inherited)",
					/opt/homebrew/Cellar/sdl2/2.28.5/lib,
					/opt/homebrew/Cellar/sdl2_image/2.8.0/lib,
					/opt/homebrew/Cellar/sdl2_ttf/2.20.2/lib,
					/opt/homebrew/Cellar/sdl2_mixer/2.6.3_1/lib,
				);
				PRODUCT_NAME = "$(TARGET_NAME)";
			};
			name = Debug;
		};
		984328772B24FAF600C17E67 /* Release */ = {
			isa = XCBuildConfiguration;
			buildSettings = {
				CODE_SIGN_STYLE = Automatic;
				HEADER_SEARCH_PATHS = (
					/opt/homebrew/Cellar/sdl2/2.28.5/include,
					/opt/homebrew/Cellar/sdl2_image/2.8.0/include,
					/opt/homebrew/Cellar/sdl2_ttf/2.20.2/include,
					/opt/homebrew/Cellar/sdl2_mixer/2.6.3_1/include,
				);
				LIBRARY_SEARCH_PATHS = (
					"$(inherited)",
					/opt/homebrew/Cellar/sdl2/2.28.5/lib,
					/opt/homebrew/Cellar/sdl2_image/2.8.0/lib,
					/opt/homebrew/Cellar/sdl2_ttf/2.20.2/lib,
					/opt/homebrew/Cellar/sdl2_mixer/2.6.3_1/lib,
				);
				PRODUCT_NAME = "$(TARGET_NAME)";
			};
			name = Release;
		};
/* End XCBuildConfiguration section */

/* Begin XCConfigurationList section */
		984328692B24FAF500C17E67 /* Build configuration list for PBXProject "SDLtest" */ = {
			isa = XCConfigurationList;
			buildConfigurations = (
				984328732B24FAF600C17E67 /* Debug */,
				984328742B24FAF600C17E67 /* Release */,
			);
			defaultConfigurationIsVisible = 0;
			defaultConfigurationName = Release;
		};
		984328752B24FAF600C17E67 /* Build configuration list for PBXNativeTarget "SDLtest" */ = {
			isa = XCConfigurationList;
			buildConfigurations = (
				984328762B24FAF600C17E67 /* Debug */,
				984328772B24FAF600C17E67 /* Release */,
			);
			defaultConfigurationIsVisible = 0;
			defaultConfigurationName = Release;
		};
/* End XCConfigurationList section */
	};
	rootObject = 984328662B24FAF500C17E67 /* Project object */;
}
